
Microsoft Visual Studio Solution File, Format Version 12.00
# Visual Studio Version 17
VisualStudioVersion = 17.14.36804.6
MinimumVisualStudioVersion = 10.0.40219.1
Project("{FAE04EC0-301F-11D3-BF4B-00C04F79EFBC}") = "ConsoleApp4", "ConsoleApp4\ConsoleApp4.csproj", "{9821C6A1-C290-4EBB-B997-217B1DC993C6}"
EndProject
Project("{FAE04EC0-301F-11D3-BF4B-00C04F79EFBC}") = "Enum2", "Enum2\Enum2.csproj", "{391799BA-925A-492C-973B-9A2E104FE5F8}"
EndProject
Project("{FAE04EC0-301F-11D3-BF4B-00C04F79EFBC}") = "interface_amazon", "interface_amazon\interface_amazon.csproj", "{610A3D04-C33B-4CCB-BCB5-4B167F27A8F9}"
EndProject
Project("{FAE04EC0-301F-11D3-BF4B-00C04F79EFBC}") = "anonymouse_Type", "anonymouse_Type\anonymouse_Type.csproj", "{61439589-B349-42D4-B8C9-615ABBB73809}"
EndProject
Project("{FAE04EC0-301F-11D3-BF4B-00C04F79EFBC}") = "AccessModifier", "AccessModifier\AccessModifier.csproj", "{5F33B6B2-C21E-4E06-9031-ACE3E6C2F8AA}"
EndProject
Project("{FAE04EC0-301F-11D3-BF4B-00C04F79EFBC}") = "access_modifier", "access_modifier\access_modifier.csproj", "{422BAC66-8576-4ABB-BCEC-F0CC42A9F609}"
EndProject
Project("{FAE04EC0-301F-11D3-BF4B-00C04F79EFBC}") = "BankSystem", "BankSystem\BankSystem.csproj", "{966D524B-9A3E-450D-9933-9C4DFB0710F8}"
EndProject
Project("{FAE04EC0-301F-11D3-BF4B-00C04F79EFBC}") = "System", "System\System.csproj", "{D760E7A2-809E-4821-8687-38C4C1090233}"
EndProject
Project("{FAE04EC0-301F-11D3-BF4B-00C04F79EFBC}") = "System2", "System2\System2.csproj", "{021B7504-8F44-48EA-A23C-11DD48CBCB81}"
EndProject
Project("{FAE04EC0-301F-11D3-BF4B-00C04F79EFBC}") = "staticone", "staticone\staticone.csproj", "{3BCAD98E-A8BD-4F60-81AF-A83D05F2CBB3}"
EndProject
Project("{FAE04EC0-301F-11D3-BF4B-00C04F79EFBC}") = "partial_class", "partial_class\partial_class.csproj", "{C77DB47A-4FBA-44C9-8E75-9AC38261910C}"
EndProject
Project("{FAE04EC0-301F-11D3-BF4B-00C04F79EFBC}") = "Inter_insta", "Inter_insta\Inter_insta.csproj", "{6A303E2F-9A35-48A4-9A70-840EC2563E0C}"
EndProject
Project("{FAE04EC0-301F-11D3-BF4B-00C04F79EFBC}") = "abs_shap", "abs_shap\abs_shap.csproj", "{DCDB974E-AD2A-4E94-B11F-35FDE3A184D2}"
EndProject
Project("{FAE04EC0-301F-11D3-BF4B-00C04F79EFBC}") = "OOP-IN", "OOP-IN\OOP-IN.csproj", "{E5408FE7-2ED2-4398-BE89-9068D2BF7C05}"
EndProject
Project("{FAE04EC0-301F-11D3-BF4B-00C04F79EFBC}") = "PartialClassDemo", "PartialClassDemo\PartialClassDemo.csproj", "{A2C38D46-0B63-449A-BD59-9798099BE9AA}"
EndProject
Project("{FAE04EC0-301F-11D3-BF4B-00C04F79EFBC}") = "InterfaceDemo", "InterfaceDemo\InterfaceDemo.csproj", "{F1AC3089-6F96-42C0-87F5-8D1EE89908CA}"
EndProject
Project("{FAE04EC0-301F-11D3-BF4B-00C04F79EFBC}") = "AbstractDemo", "AbstractDemo\AbstractDemo.csproj", "{ED3CC73B-D0D3-423C-B7D0-6640CD730219}"
EndProject
Project("{FAE04EC0-301F-11D3-BF4B-00C04F79EFBC}") = "MensurationDemo", "MensurationDemo\MensurationDemo.csproj", "{7B9CBD19-BEFF-4558-B8B7-E39937E9DEC2}"
EndProject
Project("{FAE04EC0-301F-11D3-BF4B-00C04F79EFBC}") = "AmazonSystem", "AmazonSystem\AmazonSystem.csproj", "{77E1ACC5-5765-4A0C-9BC3-342C5423FBE3}"
EndProject
Project("{FAE04EC0-301F-11D3-BF4B-00C04F79EFBC}") = "Generics_Demo", "Generics_Demo\Generics_Demo.csproj", "{B9612A85-8CA4-4125-83D4-E5B7CC2A65FD}"
EndProject
Project("{FAE04EC0-301F-11D3-BF4B-00C04F79EFBC}") = "CapG.EMS", "CapG.EMS\CapG.EMS.csproj", "{307B8BBE-3F21-43B5-85C2-7106B3FAB691}"
EndProject
Project("{FAE04EC0-301F-11D3-BF4B-00C04F79EFBC}") = "ImplicitTypes", "ImplicitTypes\ImplicitTypes.csproj", "{F4C7FE34-E085-47A8-AD18-B05B8EEDEF09}"
EndProject
Global
	GlobalSection(SolutionConfigurationPlatforms) = preSolution
		Debug|Any CPU = Debug|Any CPU
		Release|Any CPU = Release|Any CPU
	EndGlobalSection
	GlobalSection(ProjectConfigurationPlatforms) = postSolution
		{9821C6A1-C290-4EBB-B997-217B1DC993C6}.Debug|Any CPU.ActiveCfg = Debug|Any CPU
		{9821C6A1-C290-4EBB-B997-217B1DC993C6}.Debug|Any CPU.Build.0 = Debug|Any CPU
		{9821C6A1-C290-4EBB-B997-217B1DC993C6}.Release|Any CPU.ActiveCfg = Release|Any CPU
		{9821C6A1-C290-4EBB-B997-217B1DC993C6}.Release|Any CPU.Build.0 = Release|Any CPU
		{391799BA-925A-492C-973B-9A2E104FE5F8}.Debug|Any CPU.ActiveCfg = Debug|Any CPU
		{391799BA-925A-492C-973B-9A2E104FE5F8}.Debug|Any CPU.Build.0 = Debug|Any CPU
		{391799BA-925A-492C-973B-9A2E104FE5F8}.Release|Any CPU.ActiveCfg = Release|Any CPU
		{391799BA-925A-492C-973B-9A2E104FE5F8}.Release|Any CPU.Build.0 = Release|Any CPU
		{610A3D04-C33B-4CCB-BCB5-4B167F27A8F9}.Debug|Any CPU.ActiveCfg = Debug|Any CPU
		{610A3D04-C33B-4CCB-BCB5-4B167F27A8F9}.Debug|Any CPU.Build.0 = Debug|Any CPU
		{610A3D04-C33B-4CCB-BCB5-4B167F27A8F9}.Release|Any CPU.ActiveCfg = Release|Any CPU
		{610A3D04-C33B-4CCB-BCB5-4B167F27A8F9}.Release|Any CPU.Build.0 = Release|Any CPU
		{61439589-B349-42D4-B8C9-615ABBB73809}.Debug|Any CPU.ActiveCfg = Debug|Any CPU
		{61439589-B349-42D4-B8C9-615ABBB73809}.Debug|Any CPU.Build.0 = Debug|Any CPU
		{61439589-B349-42D4-B8C9-615ABBB73809}.Release|Any CPU.ActiveCfg = Release|Any CPU
		{61439589-B349-42D4-B8C9-615ABBB73809}.Release|Any CPU.Build.0 = Release|Any CPU
		{5F33B6B2-C21E-4E06-9031-ACE3E6C2F8AA}.Debug|Any CPU.ActiveCfg = Debug|Any CPU
		{5F33B6B2-C21E-4E06-9031-ACE3E6C2F8AA}.Debug|Any CPU.Build.0 = Debug|Any CPU
		{5F33B6B2-C21E-4E06-9031-ACE3E6C2F8AA}.Release|Any CPU.ActiveCfg = Release|Any CPU
		{5F33B6B2-C21E-4E06-9031-ACE3E6C2F8AA}.Release|Any CPU.Build.0 = Release|Any CPU
		{422BAC66-8576-4ABB-BCEC-F0CC42A9F609}.Debug|Any CPU.ActiveCfg = Debug|Any CPU
		{422BAC66-8576-4ABB-BCEC-F0CC42A9F609}.Debug|Any CPU.Build.0 = Debug|Any CPU
		{422BAC66-8576-4ABB-BCEC-F0CC42A9F609}.Release|Any CPU.ActiveCfg = Release|Any CPU
		{422BAC66-8576-4ABB-BCEC-F0CC42A9F609}.Release|Any CPU.Build.0 = Release|Any CPU
		{966D524B-9A3E-450D-9933-9C4DFB0710F8}.Debug|Any CPU.ActiveCfg = Debug|Any CPU
		{966D524B-9A3E-450D-9933-9C4DFB0710F8}.Debug|Any CPU.Build.0 = Debug|Any CPU
		{966D524B-9A3E-450D-9933-9C4DFB0710F8}.Release|Any CPU.ActiveCfg = Release|Any CPU
		{966D524B-9A3E-450D-9933-9C4DFB0710F8}.Release|Any CPU.Build.0 = Release|Any CPU
		{D760E7A2-809E-4821-8687-38C4C1090233}.Debug|Any CPU.ActiveCfg = Debug|Any CPU
		{D760E7A2-809E-4821-8687-38C4C1090233}.Debug|Any CPU.Build.0 = Debug|Any CPU
		{D760E7A2-809E-4821-8687-38C4C1090233}.Release|Any CPU.ActiveCfg = Release|Any CPU
		{D760E7A2-809E-4821-8687-38C4C1090233}.Release|Any CPU.Build.0 = Release|Any CPU
		{021B7504-8F44-48EA-A23C-11DD48CBCB81}.Debug|Any CPU.ActiveCfg = Debug|Any CPU
		{021B7504-8F44-48EA-A23C-11DD48CBCB81}.Debug|Any CPU.Build.0 = Debug|Any CPU
		{021B7504-8F44-48EA-A23C-11DD48CBCB81}.Release|Any CPU.ActiveCfg = Release|Any CPU
		{021B7504-8F44-48EA-A23C-11DD48CBCB81}.Release|Any CPU.Build.0 = Release|Any CPU
		{3BCAD98E-A8BD-4F60-81AF-A83D05F2CBB3}.Debug|Any CPU.ActiveCfg = Debug|Any CPU
		{3BCAD98E-A8BD-4F60-81AF-A83D05F2CBB3}.Debug|Any CPU.Build.0 = Debug|Any CPU
		{3BCAD98E-A8BD-4F60-81AF-A83D05F2CBB3}.Release|Any CPU.ActiveCfg = Release|Any CPU
		{3BCAD98E-A8BD-4F60-81AF-A83D05F2CBB3}.Release|Any CPU.Build.0 = Release|Any CPU
		{C77DB47A-4FBA-44C9-8E75-9AC38261910C}.Debug|Any CPU.ActiveCfg = Debug|Any CPU
		{C77DB47A-4FBA-44C9-8E75-9AC38261910C}.Debug|Any CPU.Build.0 = Debug|Any CPU
		{C77DB47A-4FBA-44C9-8E75-9AC38261910C}.Release|Any CPU.ActiveCfg = Release|Any CPU
		{C77DB47A-4FBA-44C9-8E75-9AC38261910C}.Release|Any CPU.Build.0 = Release|Any CPU
		{6A303E2F-9A35-48A4-9A70-840EC2563E0C}.Debug|Any CPU.ActiveCfg = Debug|Any CPU
		{6A303E2F-9A35-48A4-9A70-840EC2563E0C}.Debug|Any CPU.Build.0 = Debug|Any CPU
		{6A303E2F-9A35-48A4-9A70-840EC2563E0C}.Release|Any CPU.ActiveCfg = Release|Any CPU
		{6A303E2F-9A35-48A4-9A70-840EC2563E0C}.Release|Any CPU.Build.0 = Release|Any CPU
		{DCDB974E-AD2A-4E94-B11F-35FDE3A184D2}.Debug|Any CPU.ActiveCfg = Debug|Any CPU
		{DCDB974E-AD2A-4E94-B11F-35FDE3A184D2}.Debug|Any CPU.Build.0 = Debug|Any CPU
		{DCDB974E-AD2A-4E94-B11F-35FDE3A184D2}.Release|Any CPU.ActiveCfg = Release|Any CPU
		{DCDB974E-AD2A-4E94-B11F-35FDE3A184D2}.Release|Any CPU.Build.0 = Release|Any CPU
		{E5408FE7-2ED2-4398-BE89-9068D2BF7C05}.Debug|Any CPU.ActiveCfg = Debug|Any CPU
		{E5408FE7-2ED2-4398-BE89-9068D2BF7C05}.Debug|Any CPU.Build.0 = Debug|Any CPU
		{E5408FE7-2ED2-4398-BE89-9068D2BF7C05}.Release|Any CPU.ActiveCfg = Release|Any CPU
		{E5408FE7-2ED2-4398-BE89-9068D2BF7C05}.Release|Any CPU.Build.0 = Release|Any CPU
		{A2C38D46-0B63-449A-BD59-9798099BE9AA}.Debug|Any CPU.ActiveCfg = Debug|Any CPU
		{A2C38D46-0B63-449A-BD59-9798099BE9AA}.Debug|Any CPU.Build.0 = Debug|Any CPU
		{A2C38D46-0B63-449A-BD59-9798099BE9AA}.Release|Any CPU.ActiveCfg = Release|Any CPU
		{A2C38D46-0B63-449A-BD59-9798099BE9AA}.Release|Any CPU.Build.0 = Release|Any CPU
		{F1AC3089-6F96-42C0-87F5-8D1EE89908CA}.Debug|Any CPU.ActiveCfg = Debug|Any CPU
		{F1AC3089-6F96-42C0-87F5-8D1EE89908CA}.Debug|Any CPU.Build.0 = Debug|Any CPU
		{F1AC3089-6F96-42C0-87F5-8D1EE89908CA}.Release|Any CPU.ActiveCfg = Release|Any CPU
		{F1AC3089-6F96-42C0-87F5-8D1EE89908CA}.Release|Any CPU.Build.0 = Release|Any CPU
		{ED3CC73B-D0D3-423C-B7D0-6640CD730219}.Debug|Any CPU.ActiveCfg = Debug|Any CPU
		{ED3CC73B-D0D3-423C-B7D0-6640CD730219}.Debug|Any CPU.Build.0 = Debug|Any CPU
		{ED3CC73B-D0D3-423C-B7D0-6640CD730219}.Release|Any CPU.ActiveCfg = Release|Any CPU
		{ED3CC73B-D0D3-423C-B7D0-6640CD730219}.Release|Any CPU.Build.0 = Release|Any CPU
		{7B9CBD19-BEFF-4558-B8B7-E39937E9DEC2}.Debug|Any CPU.ActiveCfg = Debug|Any CPU
		{7B9CBD19-BEFF-4558-B8B7-E39937E9DEC2}.Debug|Any CPU.Build.0 = Debug|Any CPU
		{7B9CBD19-BEFF-4558-B8B7-E39937E9DEC2}.Release|Any CPU.ActiveCfg = Release|Any CPU
		{7B9CBD19-BEFF-4558-B8B7-E39937E9DEC2}.Release|Any CPU.Build.0 = Release|Any CPU
		{77E1ACC5-5765-4A0C-9BC3-342C5423FBE3}.Debug|Any CPU.ActiveCfg = Debug|Any CPU
		{77E1ACC5-5765-4A0C-9BC3-342C5423FBE3}.Debug|Any CPU.Build.0 = Debug|Any CPU
		{77E1ACC5-5765-4A0C-9BC3-342C5423FBE3}.Release|Any CPU.ActiveCfg = Release|Any CPU
		{77E1ACC5-5765-4A0C-9BC3-342C5423FBE3}.Release|Any CPU.Build.0 = Release|Any CPU
		{B9612A85-8CA4-4125-83D4-E5B7CC2A65FD}.Debug|Any CPU.ActiveCfg = Debug|Any CPU
		{B9612A85-8CA4-4125-83D4-E5B7CC2A65FD}.Debug|Any CPU.Build.0 = Debug|Any CPU
		{B9612A85-8CA4-4125-83D4-E5B7CC2A65FD}.Release|Any CPU.ActiveCfg = Release|Any CPU
		{B9612A85-8CA4-4125-83D4-E5B7CC2A65FD}.Release|Any CPU.Build.0 = Release|Any CPU
		{307B8BBE-3F21-43B5-85C2-7106B3FAB691}.Debug|Any CPU.ActiveCfg = Debug|Any CPU
		{307B8BBE-3F21-43B5-85C2-7106B3FAB691}.Debug|Any CPU.Build.0 = Debug|Any CPU
		{307B8BBE-3F21-43B5-85C2-7106B3FAB691}.Release|Any CPU.ActiveCfg = Release|Any CPU
		{307B8BBE-3F21-43B5-85C2-7106B3FAB691}.Release|Any CPU.Build.0 = Release|Any CPU
		{F4C7FE34-E085-47A8-AD18-B05B8EEDEF09}.Debug|Any CPU.ActiveCfg = Debug|Any CPU
		{F4C7FE34-E085-47A8-AD18-B05B8EEDEF09}.Debug|Any CPU.Build.0 = Debug|Any CPU
		{F4C7FE34-E085-47A8-AD18-B05B8EEDEF09}.Release|Any CPU.ActiveCfg = Release|Any CPU
		{F4C7FE34-E085-47A8-AD18-B05B8EEDEF09}.Release|Any CPU.Build.0 = Release|Any CPU
	EndGlobalSection
	GlobalSection(SolutionProperties) = preSolution
		HideSolutionNode = FALSE
	EndGlobalSection
	GlobalSection(ExtensibilityGlobals) = postSolution
		SolutionGuid = {69FC5768-D61F-4877-B89A-063D88971D5C}
	EndGlobalSection
EndGlobal
